
Microsoft Visual Studio Solution File, Format Version 12.00
# Visual Studio Version 16
VisualStudioVersion = 16.0.31515.178
MinimumVisualStudioVersion = 10.0.40219.1
Project("{FAE04EC0-301F-11D3-BF4B-00C04F79EFBC}") = "ExtraAssignment", "ExtraAssignment\ExtraAssignment.csproj", "{53B30CDA-24A3-4016-8699-B0D0947B3006}"
EndProject
Global
	GlobalSection(SolutionConfigurationPlatforms) = preSolution
		Debug|Any CPU = Debug|Any CPU
		Release|Any CPU = Release|Any CPU
	EndGlobalSection
	GlobalSection(ProjectConfigurationPlatforms) = postSolution
		{53B30CDA-24A3-4016-8699-B0D0947B3006}.Debug|Any CPU.ActiveCfg = Debug|Any CPU
		{53B30CDA-24A3-4016-8699-B0D0947B3006}.Debug|Any CPU.Build.0 = Debug|Any CPU
		{53B30CDA-24A3-4016-8699-B0D0947B3006}.Release|Any CPU.ActiveCfg = Release|Any CPU
		{53B30CDA-24A3-4016-8699-B0D0947B3006}.Release|Any CPU.Build.0 = Release|Any CPU
	EndGlobalSection
	GlobalSection(SolutionProperties) = preSolution
		HideSolutionNode = FALSE
	EndGlobalSection
	GlobalSection(ExtensibilityGlobals) = postSolution
		SolutionGuid = {27EFF1EB-A98B-4782-8AC7-80D1CBC811D6}
	EndGlobalSection
EndGlobal
